
Microsoft Visual Studio Solution File, Format Version 10.00
# Visual Studio 2008
Project("{8BC9CEB8-8B4A-11D0-8D11-00A0C91BC942}") = "qucslib", "qucs-lib\qucslib.vcproj", "{1ED97E32-2EEC-47E3-B977-62D6BB5548A1}"
EndProject
Project("{8BC9CEB8-8B4A-11D0-8D11-00A0C91BC942}") = "qucs", "qucs\qucs.vcproj", "{A3B41815-DC59-44D3-A3CE-1985CAD1DC41}"
	ProjectSection(ProjectDependencies) = postProject
		{DF548082-0B14-4390-A02A-78CC0C73B041} = {DF548082-0B14-4390-A02A-78CC0C73B041}
		{46AD938F-3069-4344-883C-5F0BCC9FA8EF} = {46AD938F-3069-4344-883C-5F0BCC9FA8EF}
		{2035B1A8-0149-408C-8048-4DC9ECC99DF6} = {2035B1A8-0149-408C-8048-4DC9ECC99DF6}
		{8CFCF4D3-66EC-4AE8-BC13-3C580598D5F1} = {8CFCF4D3-66EC-4AE8-BC13-3C580598D5F1}
	EndProjectSection
EndProject
Project("{8BC9CEB8-8B4A-11D0-8D11-00A0C91BC942}") = "qucsattenuator", "qucs-attenuator\qucsattenuator.vcproj", "{0B976A16-D4FC-4F96-80F1-6B1034769ECA}"
EndProject
Project("{8BC9CEB8-8B4A-11D0-8D11-00A0C91BC942}") = "qucsedit", "qucs-edit\qucsedit.vcproj", "{37539CAE-B6A3-4D6E-BE68-D0898DC9D71A}"
EndProject
Project("{8BC9CEB8-8B4A-11D0-8D11-00A0C91BC942}") = "qucsfilter", "qucs-filter\qucsfilter.vcproj", "{C493309F-6CEF-4923-9EA3-6F793FF3A94C}"
EndProject
Project("{8BC9CEB8-8B4A-11D0-8D11-00A0C91BC942}") = "qucshelp", "qucs-help\qucshelp.vcproj", "{527EBC8F-E499-4E61-871C-969E2799B836}"
EndProject
Project("{8BC9CEB8-8B4A-11D0-8D11-00A0C91BC942}") = "qucstrans", "qucs-transcalc\qucstrans.vcproj", "{4999BE92-5DFA-4D0A-8B64-00565524526D}"
	ProjectSection(ProjectDependencies) = postProject
		{162A00BB-0E02-4CF4-BCEB-DB1F59F93D86} = {162A00BB-0E02-4CF4-BCEB-DB1F59F93D86}
	EndProjectSection
EndProject
Project("{8BC9CEB8-8B4A-11D0-8D11-00A0C91BC942}") = "libtranscalc", "qucs-transcalc\libtranscalc.vcproj", "{162A00BB-0E02-4CF4-BCEB-DB1F59F93D86}"
EndProject
Project("{8BC9CEB8-8B4A-11D0-8D11-00A0C91BC942}") = "libcomponents", "qucs\components\libcomponents.vcproj", "{DF548082-0B14-4390-A02A-78CC0C73B041}"
EndProject
Project("{8BC9CEB8-8B4A-11D0-8D11-00A0C91BC942}") = "libdiagrams", "qucs\diagrams\libdiagrams.vcproj", "{8CFCF4D3-66EC-4AE8-BC13-3C580598D5F1}"
EndProject
Project("{8BC9CEB8-8B4A-11D0-8D11-00A0C91BC942}") = "libdialogs", "qucs\dialogs\libdialogs.vcproj", "{2035B1A8-0149-408C-8048-4DC9ECC99DF6}"
EndProject
Project("{8BC9CEB8-8B4A-11D0-8D11-00A0C91BC942}") = "libpaintings", "qucs\paintings\libpaintings.vcproj", "{46AD938F-3069-4344-883C-5F0BCC9FA8EF}"
EndProject
Project("{8BC9CEB8-8B4A-11D0-8D11-00A0C91BC942}") = "qucsator", "qucs-core\src\qucsator.vcproj", "{9316525C-7360-4BC5-AD5C-7153BAA1159B}"
	ProjectSection(ProjectDependencies) = postProject
		{FCEE2B1B-B376-4DF7-96E1-48D74F72CE73} = {FCEE2B1B-B376-4DF7-96E1-48D74F72CE73}
		{36A03833-F2BD-46C6-8354-8CD31A1AB541} = {36A03833-F2BD-46C6-8354-8CD31A1AB541}
		{AC24BF3F-9886-4BAB-961B-7A627A71FE6D} = {AC24BF3F-9886-4BAB-961B-7A627A71FE6D}
		{9B2AF1AF-E21E-492D-939D-E63211C33F12} = {9B2AF1AF-E21E-492D-939D-E63211C33F12}
		{505814C0-5AA0-4766-9033-2C7B6BA0E6FD} = {505814C0-5AA0-4766-9033-2C7B6BA0E6FD}
		{67855FE1-C9DE-428C-A27C-B84AA01C6F89} = {67855FE1-C9DE-428C-A27C-B84AA01C6F89}
		{491DC8F2-C9E5-4961-9C59-55F62D45D8A0} = {491DC8F2-C9E5-4961-9C59-55F62D45D8A0}
	EndProjectSection
EndProject
Project("{8BC9CEB8-8B4A-11D0-8D11-00A0C91BC942}") = "libqucsator", "qucs-core\src\libqucsator.vcproj", "{491DC8F2-C9E5-4961-9C59-55F62D45D8A0}"
EndProject
Project("{8BC9CEB8-8B4A-11D0-8D11-00A0C91BC942}") = "libcomponent", "qucs-core\src\components\libcomponent.vcproj", "{FCEE2B1B-B376-4DF7-96E1-48D74F72CE73}"
EndProject
Project("{8BC9CEB8-8B4A-11D0-8D11-00A0C91BC942}") = "qucsconv", "qucs-core\src\converter\qucsconv.vcproj", "{41BE1175-4321-4E62-952E-25C3D221C10C}"
EndProject
Project("{8BC9CEB8-8B4A-11D0-8D11-00A0C91BC942}") = "libqucsmath", "qucs-core\src\math\libqucsmath.vcproj", "{67855FE1-C9DE-428C-A27C-B84AA01C6F89}"
EndProject
Project("{8BC9CEB8-8B4A-11D0-8D11-00A0C91BC942}") = "libdevices", "qucs-core\src\components\devices\libdevices.vcproj", "{505814C0-5AA0-4766-9033-2C7B6BA0E6FD}"
EndProject
Project("{8BC9CEB8-8B4A-11D0-8D11-00A0C91BC942}") = "libdigital", "qucs-core\src\components\digital\libdigital.vcproj", "{36A03833-F2BD-46C6-8354-8CD31A1AB541}"
EndProject
Project("{8BC9CEB8-8B4A-11D0-8D11-00A0C91BC942}") = "libmicrostrip", "qucs-core\src\components\microstrip\libmicrostrip.vcproj", "{AC24BF3F-9886-4BAB-961B-7A627A71FE6D}"
EndProject
Project("{8BC9CEB8-8B4A-11D0-8D11-00A0C91BC942}") = "libverilog", "qucs-core\src\components\verilog\libverilog.vcproj", "{9B2AF1AF-E21E-492D-939D-E63211C33F12}"
EndProject
Global
	GlobalSection(SolutionConfigurationPlatforms) = preSolution
		Debug|Win32 = Debug|Win32
		Release|Win32 = Release|Win32
	EndGlobalSection
	GlobalSection(ProjectConfigurationPlatforms) = postSolution
		{1ED97E32-2EEC-47E3-B977-62D6BB5548A1}.Debug|Win32.ActiveCfg = Debug|Win32
		{1ED97E32-2EEC-47E3-B977-62D6BB5548A1}.Debug|Win32.Build.0 = Debug|Win32
		{1ED97E32-2EEC-47E3-B977-62D6BB5548A1}.Release|Win32.ActiveCfg = Release|Win32
		{1ED97E32-2EEC-47E3-B977-62D6BB5548A1}.Release|Win32.Build.0 = Release|Win32
		{A3B41815-DC59-44D3-A3CE-1985CAD1DC41}.Debug|Win32.ActiveCfg = Debug|Win32
		{A3B41815-DC59-44D3-A3CE-1985CAD1DC41}.Debug|Win32.Build.0 = Debug|Win32
		{A3B41815-DC59-44D3-A3CE-1985CAD1DC41}.Release|Win32.ActiveCfg = Release|Win32
		{A3B41815-DC59-44D3-A3CE-1985CAD1DC41}.Release|Win32.Build.0 = Release|Win32
		{0B976A16-D4FC-4F96-80F1-6B1034769ECA}.Debug|Win32.ActiveCfg = Debug|Win32
		{0B976A16-D4FC-4F96-80F1-6B1034769ECA}.Debug|Win32.Build.0 = Debug|Win32
		{0B976A16-D4FC-4F96-80F1-6B1034769ECA}.Release|Win32.ActiveCfg = Release|Win32
		{0B976A16-D4FC-4F96-80F1-6B1034769ECA}.Release|Win32.Build.0 = Release|Win32
		{37539CAE-B6A3-4D6E-BE68-D0898DC9D71A}.Debug|Win32.ActiveCfg = Debug|Win32
		{37539CAE-B6A3-4D6E-BE68-D0898DC9D71A}.Debug|Win32.Build.0 = Debug|Win32
		{37539CAE-B6A3-4D6E-BE68-D0898DC9D71A}.Release|Win32.ActiveCfg = Release|Win32
		{37539CAE-B6A3-4D6E-BE68-D0898DC9D71A}.Release|Win32.Build.0 = Release|Win32
		{C493309F-6CEF-4923-9EA3-6F793FF3A94C}.Debug|Win32.ActiveCfg = Debug|Win32
		{C493309F-6CEF-4923-9EA3-6F793FF3A94C}.Debug|Win32.Build.0 = Debug|Win32
		{C493309F-6CEF-4923-9EA3-6F793FF3A94C}.Release|Win32.ActiveCfg = Release|Win32
		{C493309F-6CEF-4923-9EA3-6F793FF3A94C}.Release|Win32.Build.0 = Release|Win32
		{527EBC8F-E499-4E61-871C-969E2799B836}.Debug|Win32.ActiveCfg = Debug|Win32
		{527EBC8F-E499-4E61-871C-969E2799B836}.Debug|Win32.Build.0 = Debug|Win32
		{527EBC8F-E499-4E61-871C-969E2799B836}.Release|Win32.ActiveCfg = Release|Win32
		{527EBC8F-E499-4E61-871C-969E2799B836}.Release|Win32.Build.0 = Release|Win32
		{4999BE92-5DFA-4D0A-8B64-00565524526D}.Debug|Win32.ActiveCfg = Debug|Win32
		{4999BE92-5DFA-4D0A-8B64-00565524526D}.Debug|Win32.Build.0 = Debug|Win32
		{4999BE92-5DFA-4D0A-8B64-00565524526D}.Release|Win32.ActiveCfg = Release|Win32
		{4999BE92-5DFA-4D0A-8B64-00565524526D}.Release|Win32.Build.0 = Release|Win32
		{162A00BB-0E02-4CF4-BCEB-DB1F59F93D86}.Debug|Win32.ActiveCfg = Debug|Win32
		{162A00BB-0E02-4CF4-BCEB-DB1F59F93D86}.Debug|Win32.Build.0 = Debug|Win32
		{162A00BB-0E02-4CF4-BCEB-DB1F59F93D86}.Release|Win32.ActiveCfg = Release|Win32
		{162A00BB-0E02-4CF4-BCEB-DB1F59F93D86}.Release|Win32.Build.0 = Release|Win32
		{DF548082-0B14-4390-A02A-78CC0C73B041}.Debug|Win32.ActiveCfg = Debug|Win32
		{DF548082-0B14-4390-A02A-78CC0C73B041}.Debug|Win32.Build.0 = Debug|Win32
		{DF548082-0B14-4390-A02A-78CC0C73B041}.Release|Win32.ActiveCfg = Release|Win32
		{DF548082-0B14-4390-A02A-78CC0C73B041}.Release|Win32.Build.0 = Release|Win32
		{8CFCF4D3-66EC-4AE8-BC13-3C580598D5F1}.Debug|Win32.ActiveCfg = Debug|Win32
		{8CFCF4D3-66EC-4AE8-BC13-3C580598D5F1}.Debug|Win32.Build.0 = Debug|Win32
		{8CFCF4D3-66EC-4AE8-BC13-3C580598D5F1}.Release|Win32.ActiveCfg = Release|Win32
		{8CFCF4D3-66EC-4AE8-BC13-3C580598D5F1}.Release|Win32.Build.0 = Release|Win32
		{2035B1A8-0149-408C-8048-4DC9ECC99DF6}.Debug|Win32.ActiveCfg = Debug|Win32
		{2035B1A8-0149-408C-8048-4DC9ECC99DF6}.Debug|Win32.Build.0 = Debug|Win32
		{2035B1A8-0149-408C-8048-4DC9ECC99DF6}.Release|Win32.ActiveCfg = Release|Win32
		{2035B1A8-0149-408C-8048-4DC9ECC99DF6}.Release|Win32.Build.0 = Release|Win32
		{46AD938F-3069-4344-883C-5F0BCC9FA8EF}.Debug|Win32.ActiveCfg = Debug|Win32
		{46AD938F-3069-4344-883C-5F0BCC9FA8EF}.Debug|Win32.Build.0 = Debug|Win32
		{46AD938F-3069-4344-883C-5F0BCC9FA8EF}.Release|Win32.ActiveCfg = Release|Win32
		{46AD938F-3069-4344-883C-5F0BCC9FA8EF}.Release|Win32.Build.0 = Release|Win32
		{9316525C-7360-4BC5-AD5C-7153BAA1159B}.Debug|Win32.ActiveCfg = Debug|Win32
		{9316525C-7360-4BC5-AD5C-7153BAA1159B}.Debug|Win32.Build.0 = Debug|Win32
		{9316525C-7360-4BC5-AD5C-7153BAA1159B}.Release|Win32.ActiveCfg = Release|Win32
		{9316525C-7360-4BC5-AD5C-7153BAA1159B}.Release|Win32.Build.0 = Release|Win32
		{491DC8F2-C9E5-4961-9C59-55F62D45D8A0}.Debug|Win32.ActiveCfg = Debug|Win32
		{491DC8F2-C9E5-4961-9C59-55F62D45D8A0}.Debug|Win32.Build.0 = Debug|Win32
		{491DC8F2-C9E5-4961-9C59-55F62D45D8A0}.Release|Win32.ActiveCfg = Release|Win32
		{491DC8F2-C9E5-4961-9C59-55F62D45D8A0}.Release|Win32.Build.0 = Release|Win32
		{FCEE2B1B-B376-4DF7-96E1-48D74F72CE73}.Debug|Win32.ActiveCfg = Debug|Win32
		{FCEE2B1B-B376-4DF7-96E1-48D74F72CE73}.Debug|Win32.Build.0 = Debug|Win32
		{FCEE2B1B-B376-4DF7-96E1-48D74F72CE73}.Release|Win32.ActiveCfg = Release|Win32
		{FCEE2B1B-B376-4DF7-96E1-48D74F72CE73}.Release|Win32.Build.0 = Release|Win32
		{41BE1175-4321-4E62-952E-25C3D221C10C}.Debug|Win32.ActiveCfg = Debug|Win32
		{41BE1175-4321-4E62-952E-25C3D221C10C}.Debug|Win32.Build.0 = Debug|Win32
		{41BE1175-4321-4E62-952E-25C3D221C10C}.Release|Win32.ActiveCfg = Release|Win32
		{41BE1175-4321-4E62-952E-25C3D221C10C}.Release|Win32.Build.0 = Release|Win32
		{67855FE1-C9DE-428C-A27C-B84AA01C6F89}.Debug|Win32.ActiveCfg = Debug|Win32
		{67855FE1-C9DE-428C-A27C-B84AA01C6F89}.Debug|Win32.Build.0 = Debug|Win32
		{67855FE1-C9DE-428C-A27C-B84AA01C6F89}.Release|Win32.ActiveCfg = Release|Win32
		{67855FE1-C9DE-428C-A27C-B84AA01C6F89}.Release|Win32.Build.0 = Release|Win32
		{505814C0-5AA0-4766-9033-2C7B6BA0E6FD}.Debug|Win32.ActiveCfg = Debug|Win32
		{505814C0-5AA0-4766-9033-2C7B6BA0E6FD}.Debug|Win32.Build.0 = Debug|Win32
		{505814C0-5AA0-4766-9033-2C7B6BA0E6FD}.Release|Win32.ActiveCfg = Release|Win32
		{505814C0-5AA0-4766-9033-2C7B6BA0E6FD}.Release|Win32.Build.0 = Release|Win32
		{36A03833-F2BD-46C6-8354-8CD31A1AB541}.Debug|Win32.ActiveCfg = Debug|Win32
		{36A03833-F2BD-46C6-8354-8CD31A1AB541}.Debug|Win32.Build.0 = Debug|Win32
		{36A03833-F2BD-46C6-8354-8CD31A1AB541}.Release|Win32.ActiveCfg = Release|Win32
		{36A03833-F2BD-46C6-8354-8CD31A1AB541}.Release|Win32.Build.0 = Release|Win32
		{AC24BF3F-9886-4BAB-961B-7A627A71FE6D}.Debug|Win32.ActiveCfg = Debug|Win32
		{AC24BF3F-9886-4BAB-961B-7A627A71FE6D}.Debug|Win32.Build.0 = Debug|Win32
		{AC24BF3F-9886-4BAB-961B-7A627A71FE6D}.Release|Win32.ActiveCfg = Release|Win32
		{AC24BF3F-9886-4BAB-961B-7A627A71FE6D}.Release|Win32.Build.0 = Release|Win32
		{9B2AF1AF-E21E-492D-939D-E63211C33F12}.Debug|Win32.ActiveCfg = Debug|Win32
		{9B2AF1AF-E21E-492D-939D-E63211C33F12}.Debug|Win32.Build.0 = Debug|Win32
		{9B2AF1AF-E21E-492D-939D-E63211C33F12}.Release|Win32.ActiveCfg = Release|Win32
		{9B2AF1AF-E21E-492D-939D-E63211C33F12}.Release|Win32.Build.0 = Release|Win32
	EndGlobalSection
	GlobalSection(SolutionProperties) = preSolution
		HideSolutionNode = FALSE
	EndGlobalSection
EndGlobal
