
Microsoft Visual Studio Solution File, Format Version 10.00
# Visual Studio 2008
Project("{8BC9CEB8-8B4A-11D0-8D11-00A0C91BC942}") = "libverilog", "libverilog.vcproj", "{9B2AF1AF-E21E-492D-939D-E63211C33F12}"
EndProject
Global
	GlobalSection(SolutionConfigurationPlatforms) = preSolution
		Debug|Win32 = Debug|Win32
		Release|Win32 = Release|Win32
	EndGlobalSection
	GlobalSection(ProjectConfigurationPlatforms) = postSolution
		{9B2AF1AF-E21E-492D-939D-E63211C33F12}.Debug|Win32.ActiveCfg = Debug|Win32
		{9B2AF1AF-E21E-492D-939D-E63211C33F12}.Debug|Win32.Build.0 = Debug|Win32
		{9B2AF1AF-E21E-492D-939D-E63211C33F12}.Release|Win32.ActiveCfg = Release|Win32
		{9B2AF1AF-E21E-492D-939D-E63211C33F12}.Release|Win32.Build.0 = Release|Win32
	EndGlobalSection
	GlobalSection(SolutionProperties) = preSolution
		HideSolutionNode = FALSE
	EndGlobalSection
EndGlobal
